// !$*UTF8*$!
{
	archiveVersion = 1;
	classes = {
	};
	objectVersion = 50;
	objects = {

/* Begin PBXBuildFile section */
		F74CCAEC21D098B200C31A87 /* main.cpp in Sources */ = {isa = PBXBuildFile; fileRef = F74CCAEB21D098B200C31A87 /* main.cpp */; };
		F79E882221D15F7B0093C6FF /* card.cpp in Sources */ = {isa = PBXBuildFile; fileRef = F79E882021D15F7B0093C6FF /* card.cpp */; };
		F79E882621D194F00093C6FF /* cardManager.cpp in Sources */ = {isa = PBXBuildFile; fileRef = F79E882421D194F00093C6FF /* cardManager.cpp */; };
		F7C10AA221E69411009AE974 /* gameManager.cpp in Sources */ = {isa = PBXBuildFile; fileRef = F7C10A9A21E69411009AE974 /* gameManager.cpp */; };
		F7C10AA321E69411009AE974 /* listNode.cpp in Sources */ = {isa = PBXBuildFile; fileRef = F7C10A9B21E69411009AE974 /* listNode.cpp */; };
		F7C10AA421E69411009AE974 /* Player.cpp in Sources */ = {isa = PBXBuildFile; fileRef = F7C10AA021E69411009AE974 /* Player.cpp */; };
		F7C4A03121E7D4A200B04E33 /* circularLinkedList.cpp in Sources */ = {isa = PBXBuildFile; fileRef = F7C4A03021E7D4A200B04E33 /* circularLinkedList.cpp */; };
/* End PBXBuildFile section */

/* Begin PBXCopyFilesBuildPhase section */
		F74CCAE621D098B200C31A87 /* CopyFiles */ = {
			isa = PBXCopyFilesBuildPhase;
			buildActionMask = 2147483647;
			dstPath = /usr/share/man/man1/;
			dstSubfolderSpec = 0;
			files = (
			);
			runOnlyForDeploymentPostprocessing = 1;
		};
/* End PBXCopyFilesBuildPhase section */

/* Begin PBXFileReference section */
		F74CCAE821D098B200C31A87 /* Card */ = {isa = PBXFileReference; explicitFileType = "compiled.mach-o.executable"; includeInIndex = 0; path = Card; sourceTree = BUILT_PRODUCTS_DIR; };
		F74CCAEB21D098B200C31A87 /* main.cpp */ = {isa = PBXFileReference; lastKnownFileType = sourcecode.cpp.cpp; path = main.cpp; sourceTree = "<group>"; };
		F79E882021D15F7B0093C6FF /* card.cpp */ = {isa = PBXFileReference; lastKnownFileType = sourcecode.cpp.cpp; path = card.cpp; sourceTree = "<group>"; };
		F79E882321D15FC00093C6FF /* card.h */ = {isa = PBXFileReference; fileEncoding = 4; lastKnownFileType = sourcecode.c.h; path = card.h; sourceTree = "<group>"; };
		F79E882421D194F00093C6FF /* cardManager.cpp */ = {isa = PBXFileReference; lastKnownFileType = sourcecode.cpp.cpp; path = cardManager.cpp; sourceTree = "<group>"; };
		F79E882721D1992B0093C6FF /* cardManager.h */ = {isa = PBXFileReference; fileEncoding = 4; lastKnownFileType = sourcecode.c.h; path = cardManager.h; sourceTree = "<group>"; };
		F7C10A9A21E69411009AE974 /* gameManager.cpp */ = {isa = PBXFileReference; fileEncoding = 4; lastKnownFileType = sourcecode.cpp.cpp; path = gameManager.cpp; sourceTree = "<group>"; };
		F7C10A9B21E69411009AE974 /* listNode.cpp */ = {isa = PBXFileReference; fileEncoding = 4; lastKnownFileType = sourcecode.cpp.cpp; path = listNode.cpp; sourceTree = "<group>"; };
		F7C10A9C21E69411009AE974 /* listNode.hpp */ = {isa = PBXFileReference; fileEncoding = 4; lastKnownFileType = sourcecode.cpp.h; path = listNode.hpp; sourceTree = "<group>"; };
		F7C10A9E21E69411009AE974 /* gameManager.hpp */ = {isa = PBXFileReference; fileEncoding = 4; lastKnownFileType = sourcecode.cpp.h; path = gameManager.hpp; sourceTree = "<group>"; };
		F7C10A9F21E69411009AE974 /* Player.hpp */ = {isa = PBXFileReference; fileEncoding = 4; lastKnownFileType = sourcecode.cpp.h; path = Player.hpp; sourceTree = "<group>"; };
		F7C10AA021E69411009AE974 /* Player.cpp */ = {isa = PBXFileReference; fileEncoding = 4; lastKnownFileType = sourcecode.cpp.cpp; path = Player.cpp; sourceTree = "<group>"; };
		F7C4A02F21E7D4A100B04E33 /* circularLinkedList.hpp */ = {isa = PBXFileReference; fileEncoding = 4; lastKnownFileType = sourcecode.cpp.h; path = circularLinkedList.hpp; sourceTree = "<group>"; };
		F7C4A03021E7D4A200B04E33 /* circularLinkedList.cpp */ = {isa = PBXFileReference; fileEncoding = 4; lastKnownFileType = sourcecode.cpp.cpp; path = circularLinkedList.cpp; sourceTree = "<group>"; };
/* End PBXFileReference section */

/* Begin PBXFrameworksBuildPhase section */
		F74CCAE521D098B200C31A87 /* Frameworks */ = {
			isa = PBXFrameworksBuildPhase;
			buildActionMask = 2147483647;
			files = (
			);
			runOnlyForDeploymentPostprocessing = 0;
		};
/* End PBXFrameworksBuildPhase section */

/* Begin PBXGroup section */
		F74CCADF21D098B200C31A87 = {
			isa = PBXGroup;
			children = (
				F74CCAEA21D098B200C31A87 /* Card */,
				F74CCAE921D098B200C31A87 /* Products */,
			);
			sourceTree = "<group>";
		};
		F74CCAE921D098B200C31A87 /* Products */ = {
			isa = PBXGroup;
			children = (
				F74CCAE821D098B200C31A87 /* Card */,
			);
			name = Products;
			sourceTree = "<group>";
		};
		F74CCAEA21D098B200C31A87 /* Card */ = {
			isa = PBXGroup;
			children = (
				F74CCAEB21D098B200C31A87 /* main.cpp */,
				F79E882321D15FC00093C6FF /* card.h */,
				F79E882021D15F7B0093C6FF /* card.cpp */,
				F79E882721D1992B0093C6FF /* cardManager.h */,
				F79E882421D194F00093C6FF /* cardManager.cpp */,
				F7C10A9F21E69411009AE974 /* Player.hpp */,
				F7C10AA021E69411009AE974 /* Player.cpp */,
				F7C10A9E21E69411009AE974 /* gameManager.hpp */,
				F7C10A9A21E69411009AE974 /* gameManager.cpp */,
				F7C10A9C21E69411009AE974 /* listNode.hpp */,
				F7C10A9B21E69411009AE974 /* listNode.cpp */,
				F7C4A02F21E7D4A100B04E33 /* circularLinkedList.hpp */,
				F7C4A03021E7D4A200B04E33 /* circularLinkedList.cpp */,
			);
			path = Card;
			sourceTree = "<group>";
		};
/* End PBXGroup section */

/* Begin PBXNativeTarget section */
		F74CCAE721D098B200C31A87 /* Card */ = {
			isa = PBXNativeTarget;
			buildConfigurationList = F74CCAEF21D098B200C31A87 /* Build configuration list for PBXNativeTarget "Card" */;
			buildPhases = (
				F74CCAE421D098B200C31A87 /* Sources */,
				F74CCAE521D098B200C31A87 /* Frameworks */,
				F74CCAE621D098B200C31A87 /* CopyFiles */,
			);
			buildRules = (
			);
			dependencies = (
			);
			name = Card;
			productName = Card;
			productReference = F74CCAE821D098B200C31A87 /* Card */;
			productType = "com.apple.product-type.tool";
		};
/* End PBXNativeTarget section */

/* Begin PBXProject section */
		F74CCAE021D098B200C31A87 /* Project object */ = {
			isa = PBXProject;
			attributes = {
				LastUpgradeCheck = 1010;
				ORGANIZATIONNAME = "Harsha Srikara";
				TargetAttributes = {
					F74CCAE721D098B200C31A87 = {
						CreatedOnToolsVersion = 10.1;
					};
				};
			};
			buildConfigurationList = F74CCAE321D098B200C31A87 /* Build configuration list for PBXProject "Card" */;
			compatibilityVersion = "Xcode 9.3";
			developmentRegion = en;
			hasScannedForEncodings = 0;
			knownRegions = (
				en,
			);
			mainGroup = F74CCADF21D098B200C31A87;
			productRefGroup = F74CCAE921D098B200C31A87 /* Products */;
			projectDirPath = "";
			projectRoot = "";
			targets = (
				F74CCAE721D098B200C31A87 /* Card */,
			);
		};
/* End PBXProject section */

/* Begin PBXSourcesBuildPhase section */
		F74CCAE421D098B200C31A87 /* Sources */ = {
			isa = PBXSourcesBuildPhase;
			buildActionMask = 2147483647;
			files = (
				F7C10AA321E69411009AE974 /* listNode.cpp in Sources */,
				F74CCAEC21D098B200C31A87 /* main.cpp in Sources */,
				F7C10AA421E69411009AE974 /* Player.cpp in Sources */,
				F7C10AA221E69411009AE974 /* gameManager.cpp in Sources */,
				F79E882621D194F00093C6FF /* cardManager.cpp in Sources */,
				F7C4A03121E7D4A200B04E33 /* circularLinkedList.cpp in Sources */,
				F79E882221D15F7B0093C6FF /* card.cpp in Sources */,
			);
			runOnlyForDeploymentPostprocessing = 0;
		};
/* End PBXSourcesBuildPhase section */

/* Begin XCBuildConfiguration section */
		F74CCAED21D098B200C31A87 /* Debug */ = {
			isa = XCBuildConfiguration;
			buildSettings = {
				ALWAYS_SEARCH_USER_PATHS = NO;
				CLANG_ANALYZER_NONNULL = YES;
				CLANG_ANALYZER_NUMBER_OBJECT_CONVERSION = YES_AGGRESSIVE;
				CLANG_CXX_LANGUAGE_STANDARD = "gnu++14";
				CLANG_CXX_LIBRARY = "libc++";
				CLANG_ENABLE_MODULES = YES;
				CLANG_ENABLE_OBJC_ARC = YES;
				CLANG_ENABLE_OBJC_WEAK = YES;
				CLANG_WARN_BLOCK_CAPTURE_AUTORELEASING = YES;
				CLANG_WARN_BOOL_CONVERSION = YES;
				CLANG_WARN_COMMA = YES;
				CLANG_WARN_CONSTANT_CONVERSION = YES;
				CLANG_WARN_DEPRECATED_OBJC_IMPLEMENTATIONS = YES;
				CLANG_WARN_DIRECT_OBJC_ISA_USAGE = YES_ERROR;
				CLANG_WARN_DOCUMENTATION_COMMENTS = YES;
				CLANG_WARN_EMPTY_BODY = YES;
				CLANG_WARN_ENUM_CONVERSION = YES;
				CLANG_WARN_INFINITE_RECURSION = YES;
				CLANG_WARN_INT_CONVERSION = YES;
				CLANG_WARN_NON_LITERAL_NULL_CONVERSION = YES;
				CLANG_WARN_OBJC_IMPLICIT_RETAIN_SELF = YES;
				CLANG_WARN_OBJC_LITERAL_CONVERSION = YES;
				CLANG_WARN_OBJC_ROOT_CLASS = YES_ERROR;
				CLANG_WARN_RANGE_LOOP_ANALYSIS = YES;
				CLANG_WARN_STRICT_PROTOTYPES = YES;
				CLANG_WARN_SUSPICIOUS_MOVE = YES;
				CLANG_WARN_UNGUARDED_AVAILABILITY = YES_AGGRESSIVE;
				CLANG_WARN_UNREACHABLE_CODE = YES;
				CLANG_WARN__DUPLICATE_METHOD_MATCH = YES;
				CODE_SIGN_IDENTITY = "Mac Developer";
				COPY_PHASE_STRIP = NO;
				DEBUG_INFORMATION_FORMAT = dwarf;
				ENABLE_STRICT_OBJC_MSGSEND = YES;
				ENABLE_TESTABILITY = YES;
				GCC_C_LANGUAGE_STANDARD = gnu11;
				GCC_DYNAMIC_NO_PIC = NO;
				GCC_NO_COMMON_BLOCKS = YES;
				GCC_OPTIMIZATION_LEVEL = 0;
				GCC_PREPROCESSOR_DEFINITIONS = (
					"DEBUG=1",
					"$(inherited)",
				);
				GCC_WARN_64_TO_32_BIT_CONVERSION = YES;
				GCC_WARN_ABOUT_RETURN_TYPE = YES_ERROR;
				GCC_WARN_UNDECLARED_SELECTOR = YES;
				GCC_WARN_UNINITIALIZED_AUTOS = YES_AGGRESSIVE;
				GCC_WARN_UNUSED_FUNCTION = YES;
				GCC_WARN_UNUSED_VARIABLE = YES;
				MACOSX_DEPLOYMENT_TARGET = 10.14;
				MTL_ENABLE_DEBUG_INFO = INCLUDE_SOURCE;
				MTL_FAST_MATH = YES;
				ONLY_ACTIVE_ARCH = YES;
				SDKROOT = macosx;
			};
			name = Debug;
		};
		F74CCAEE21D098B200C31A87 /* Release */ = {
			isa = XCBuildConfiguration;
			buildSettings = {
				ALWAYS_SEARCH_USER_PATHS = NO;
				CLANG_ANALYZER_NONNULL = YES;
				CLANG_ANALYZER_NUMBER_OBJECT_CONVERSION = YES_AGGRESSIVE;
				CLANG_CXX_LANGUAGE_STANDARD = "gnu++14";
				CLANG_CXX_LIBRARY = "libc++";
				CLANG_ENABLE_MODULES = YES;
				CLANG_ENABLE_OBJC_ARC = YES;
				CLANG_ENABLE_OBJC_WEAK = YES;
				CLANG_WARN_BLOCK_CAPTURE_AUTORELEASING = YES;
				CLANG_WARN_BOOL_CONVERSION = YES;
				CLANG_WARN_COMMA = YES;
				CLANG_WARN_CONSTANT_CONVERSION = YES;
				CLANG_WARN_DEPRECATED_OBJC_IMPLEMENTATIONS = YES;
				CLANG_WARN_DIRECT_OBJC_ISA_USAGE = YES_ERROR;
				CLANG_WARN_DOCUMENTATION_COMMENTS = YES;
				CLANG_WARN_EMPTY_BODY = YES;
				CLANG_WARN_ENUM_CONVERSION = YES;
				CLANG_WARN_INFINITE_RECURSION = YES;
				CLANG_WARN_INT_CONVERSION = YES;
				CLANG_WARN_NON_LITERAL_NULL_CONVERSION = YES;
				CLANG_WARN_OBJC_IMPLICIT_RETAIN_SELF = YES;
				CLANG_WARN_OBJC_LITERAL_CONVERSION = YES;
				CLANG_WARN_OBJC_ROOT_CLASS = YES_ERROR;
				CLANG_WARN_RANGE_LOOP_ANALYSIS = YES;
				CLANG_WARN_STRICT_PROTOTYPES = YES;
				CLANG_WARN_SUSPICIOUS_MOVE = YES;
				CLANG_WARN_UNGUARDED_AVAILABILITY = YES_AGGRESSIVE;
				CLANG_WARN_UNREACHABLE_CODE = YES;
				CLANG_WARN__DUPLICATE_METHOD_MATCH = YES;
				CODE_SIGN_IDENTITY = "Mac Developer";
				COPY_PHASE_STRIP = NO;
				DEBUG_INFORMATION_FORMAT = "dwarf-with-dsym";
				ENABLE_NS_ASSERTIONS = NO;
				ENABLE_STRICT_OBJC_MSGSEND = YES;
				GCC_C_LANGUAGE_STANDARD = gnu11;
				GCC_NO_COMMON_BLOCKS = YES;
				GCC_WARN_64_TO_32_BIT_CONVERSION = YES;
				GCC_WARN_ABOUT_RETURN_TYPE = YES_ERROR;
				GCC_WARN_UNDECLARED_SELECTOR = YES;
				GCC_WARN_UNINITIALIZED_AUTOS = YES_AGGRESSIVE;
				GCC_WARN_UNUSED_FUNCTION = YES;
				GCC_WARN_UNUSED_VARIABLE = YES;
				MACOSX_DEPLOYMENT_TARGET = 10.14;
				MTL_ENABLE_DEBUG_INFO = NO;
				MTL_FAST_MATH = YES;
				SDKROOT = macosx;
			};
			name = Release;
		};
		F74CCAF021D098B200C31A87 /* Debug */ = {
			isa = XCBuildConfiguration;
			buildSettings = {
				CODE_SIGN_STYLE = Automatic;
				DEVELOPMENT_TEAM = 843V3F37HT;
				PRODUCT_NAME = "$(TARGET_NAME)";
			};
			name = Debug;
		};
		F74CCAF121D098B200C31A87 /* Release */ = {
			isa = XCBuildConfiguration;
			buildSettings = {
				CODE_SIGN_STYLE = Automatic;
				DEVELOPMENT_TEAM = 843V3F37HT;
				PRODUCT_NAME = "$(TARGET_NAME)";
			};
			name = Release;
		};
/* End XCBuildConfiguration section */

/* Begin XCConfigurationList section */
		F74CCAE321D098B200C31A87 /* Build configuration list for PBXProject "Card" */ = {
			isa = XCConfigurationList;
			buildConfigurations = (
				F74CCAED21D098B200C31A87 /* Debug */,
				F74CCAEE21D098B200C31A87 /* Release */,
			);
			defaultConfigurationIsVisible = 0;
			defaultConfigurationName = Release;
		};
		F74CCAEF21D098B200C31A87 /* Build configuration list for PBXNativeTarget "Card" */ = {
			isa = XCConfigurationList;
			buildConfigurations = (
				F74CCAF021D098B200C31A87 /* Debug */,
				F74CCAF121D098B200C31A87 /* Release */,
			);
			defaultConfigurationIsVisible = 0;
			defaultConfigurationName = Release;
		};
/* End XCConfigurationList section */
	};
	rootObject = F74CCAE021D098B200C31A87 /* Project object */;
}
